dependencies:
- name: loki-simple-scalable
  repository: https://grafana.github.io/helm-charts
  version: 1.0.0
- name: promtail
  repository: https://grafana.github.io/loki/charts
  version: 2.0.2
digest: sha256:4e3b8b40f23614d9574d63b7a461b34d151986e93ef8629fb1f0617065d8ec2b
generated: "2022-05-25T02:09:35.912140568+02:00"
